
Microsoft Visual Studio Solution File, Format Version 12.00
# Visual Studio Version 16
VisualStudioVersion = 16.0.29613.14
MinimumVisualStudioVersion = 10.0.40219.1
Project("{2150E333-8FDC-42A3-9474-1A3956D46DE8}") = "AuthService", "AuthService", "{2114379E-3EBD-4F56-9C20-E594D7916B4B}"
EndProject
Project("{9A19103F-16F7-4668-BE54-9A1E7A4F7556}") = "eServices.AuthService", "eServices.AuthService\eServices.AuthService.csproj", "{A0054C42-5C37-49C7-85CE-9C58BBEDB1C5}"
EndProject
Project("{9A19103F-16F7-4668-BE54-9A1E7A4F7556}") = "eServices.IdentityService", "eServices.IdentityService\eServices.IdentityService.csproj", "{D0D93438-575B-417F-9630-E4D0BA2AD093}"
EndProject
Project("{9A19103F-16F7-4668-BE54-9A1E7A4F7556}") = "eServices.TestApi", "eServices.TestApi\eServices.TestApi.csproj", "{299D169F-CF4F-4E79-A498-5ACEEF18D440}"
EndProject
Project("{9A19103F-16F7-4668-BE54-9A1E7A4F7556}") = "eServices.WebApp", "eServices.WebApp\eServices.WebApp.csproj", "{F87C5AB4-3A23-42DC-B418-4B943831D848}"
EndProject
Project("{9A19103F-16F7-4668-BE54-9A1E7A4F7556}") = "eServices.JavaScriptApp", "eServices.JavaScriptApp\eServices.JavaScriptApp.csproj", "{A03C93C5-D2A3-4BD2-81A6-CC79452DD754}"
EndProject
Project("{2150E333-8FDC-42A3-9474-1A3956D46DE8}") = "Ecommerce", "Ecommerce", "{71E138B1-676F-4166-8A40-D60730488120}"
EndProject
Project("{2150E333-8FDC-42A3-9474-1A3956D46DE8}") = "CatelogService", "CatelogService", "{F41BA524-325D-4FDA-A802-1AD139EF3176}"
EndProject
Project("{FAE04EC0-301F-11D3-BF4B-00C04F79EFBC}") = "eServices.CatelogService.Api", "eServices.CatelogService.Api\eServices.CatelogService.Api.csproj", "{B9EC95F3-79F0-4478-8CF9-A5E6A5F78ADF}"
EndProject
Project("{2150E333-8FDC-42A3-9474-1A3956D46DE8}") = "Infrastructure", "Infrastructure", "{E811F135-7951-45AB-B240-9EBCFB46A79B}"
EndProject
Project("{FAE04EC0-301F-11D3-BF4B-00C04F79EFBC}") = "eServices.Infrastructure.ApiGateway", "eServices.Infrastructure.ApiGateway\eServices.Infrastructure.ApiGateway.csproj", "{81990EB0-B39B-4A6D-ACAD-56D5A3E7AD0A}"
EndProject
Global
	GlobalSection(SolutionConfigurationPlatforms) = preSolution
		Debug|Any CPU = Debug|Any CPU
		Release|Any CPU = Release|Any CPU
	EndGlobalSection
	GlobalSection(ProjectConfigurationPlatforms) = postSolution
		{A0054C42-5C37-49C7-85CE-9C58BBEDB1C5}.Debug|Any CPU.ActiveCfg = Debug|Any CPU
		{A0054C42-5C37-49C7-85CE-9C58BBEDB1C5}.Debug|Any CPU.Build.0 = Debug|Any CPU
		{A0054C42-5C37-49C7-85CE-9C58BBEDB1C5}.Release|Any CPU.ActiveCfg = Release|Any CPU
		{A0054C42-5C37-49C7-85CE-9C58BBEDB1C5}.Release|Any CPU.Build.0 = Release|Any CPU
		{D0D93438-575B-417F-9630-E4D0BA2AD093}.Debug|Any CPU.ActiveCfg = Debug|Any CPU
		{D0D93438-575B-417F-9630-E4D0BA2AD093}.Debug|Any CPU.Build.0 = Debug|Any CPU
		{D0D93438-575B-417F-9630-E4D0BA2AD093}.Release|Any CPU.ActiveCfg = Release|Any CPU
		{D0D93438-575B-417F-9630-E4D0BA2AD093}.Release|Any CPU.Build.0 = Release|Any CPU
		{299D169F-CF4F-4E79-A498-5ACEEF18D440}.Debug|Any CPU.ActiveCfg = Debug|Any CPU
		{299D169F-CF4F-4E79-A498-5ACEEF18D440}.Debug|Any CPU.Build.0 = Debug|Any CPU
		{299D169F-CF4F-4E79-A498-5ACEEF18D440}.Release|Any CPU.ActiveCfg = Release|Any CPU
		{299D169F-CF4F-4E79-A498-5ACEEF18D440}.Release|Any CPU.Build.0 = Release|Any CPU
		{F87C5AB4-3A23-42DC-B418-4B943831D848}.Debug|Any CPU.ActiveCfg = Debug|Any CPU
		{F87C5AB4-3A23-42DC-B418-4B943831D848}.Debug|Any CPU.Build.0 = Debug|Any CPU
		{F87C5AB4-3A23-42DC-B418-4B943831D848}.Release|Any CPU.ActiveCfg = Release|Any CPU
		{F87C5AB4-3A23-42DC-B418-4B943831D848}.Release|Any CPU.Build.0 = Release|Any CPU
		{A03C93C5-D2A3-4BD2-81A6-CC79452DD754}.Debug|Any CPU.ActiveCfg = Debug|Any CPU
		{A03C93C5-D2A3-4BD2-81A6-CC79452DD754}.Debug|Any CPU.Build.0 = Debug|Any CPU
		{A03C93C5-D2A3-4BD2-81A6-CC79452DD754}.Release|Any CPU.ActiveCfg = Release|Any CPU
		{A03C93C5-D2A3-4BD2-81A6-CC79452DD754}.Release|Any CPU.Build.0 = Release|Any CPU
		{B9EC95F3-79F0-4478-8CF9-A5E6A5F78ADF}.Debug|Any CPU.ActiveCfg = Debug|Any CPU
		{B9EC95F3-79F0-4478-8CF9-A5E6A5F78ADF}.Debug|Any CPU.Build.0 = Debug|Any CPU
		{B9EC95F3-79F0-4478-8CF9-A5E6A5F78ADF}.Release|Any CPU.ActiveCfg = Release|Any CPU
		{B9EC95F3-79F0-4478-8CF9-A5E6A5F78ADF}.Release|Any CPU.Build.0 = Release|Any CPU
		{81990EB0-B39B-4A6D-ACAD-56D5A3E7AD0A}.Debug|Any CPU.ActiveCfg = Debug|Any CPU
		{81990EB0-B39B-4A6D-ACAD-56D5A3E7AD0A}.Debug|Any CPU.Build.0 = Debug|Any CPU
		{81990EB0-B39B-4A6D-ACAD-56D5A3E7AD0A}.Release|Any CPU.ActiveCfg = Release|Any CPU
		{81990EB0-B39B-4A6D-ACAD-56D5A3E7AD0A}.Release|Any CPU.Build.0 = Release|Any CPU
	EndGlobalSection
	GlobalSection(SolutionProperties) = preSolution
		HideSolutionNode = FALSE
	EndGlobalSection
	GlobalSection(NestedProjects) = preSolution
		{A0054C42-5C37-49C7-85CE-9C58BBEDB1C5} = {2114379E-3EBD-4F56-9C20-E594D7916B4B}
		{D0D93438-575B-417F-9630-E4D0BA2AD093} = {2114379E-3EBD-4F56-9C20-E594D7916B4B}
		{299D169F-CF4F-4E79-A498-5ACEEF18D440} = {2114379E-3EBD-4F56-9C20-E594D7916B4B}
		{F87C5AB4-3A23-42DC-B418-4B943831D848} = {2114379E-3EBD-4F56-9C20-E594D7916B4B}
		{A03C93C5-D2A3-4BD2-81A6-CC79452DD754} = {2114379E-3EBD-4F56-9C20-E594D7916B4B}
		{F41BA524-325D-4FDA-A802-1AD139EF3176} = {71E138B1-676F-4166-8A40-D60730488120}
		{B9EC95F3-79F0-4478-8CF9-A5E6A5F78ADF} = {F41BA524-325D-4FDA-A802-1AD139EF3176}
		{81990EB0-B39B-4A6D-ACAD-56D5A3E7AD0A} = {E811F135-7951-45AB-B240-9EBCFB46A79B}
	EndGlobalSection
	GlobalSection(ExtensibilityGlobals) = postSolution
		SolutionGuid = {AC34919D-271C-44BB-9717-83B711F22BB8}
	EndGlobalSection
EndGlobal
